<?xml version="1.0" encoding="utf-8"?>
<Project ToolsVersion="4.0" xmlns="http://schemas.microsoft.com/developer/msbuild/2003">
  <ItemGroup>
    <Filter Include="Source Files">
      <UniqueIdentifier>{4FC737F1-C7A5-4376-A066-2A32D752A2FF}</UniqueIdentifier>
      <Extensions>cpp;c;cc;cxx;c++;cppm;ixx;def;odl;idl;hpj;bat;asm;asmx</Extensions>
    </Filter>
    <Filter Include="Header Files">
      <UniqueIdentifier>{93995380-89BD-4b04-88EB-625FBE52EBFB}</UniqueIdentifier>
      <Extensions>h;hh;hpp;hxx;h++;hm;inl;inc;ipp;xsd</Extensions>
    </Filter>
    <Filter Include="Resource Files">
      <UniqueIdentifier>{67DA6AB6-F800-4c08-8B7A-83BB121AAD01}</UniqueIdentifier>
      <Extensions>rc;ico;cur;bmp;dlg;rc2;rct;bin;rgs;gif;jpg;jpeg;jpe;resx;tiff;tif;png;wav;mfcribbon-ms</Extensions>
    </Filter>
  </ItemGroup>
  <ItemGroup>
    <ClCompile Include="HomeForm.cpp">
      <Filter>Header Files</Filter>
    </ClCompile>
    <ClCompile Include="AgeForm.cpp">
      <Filter>Header Files</Filter>
    </ClCompile>
    <ClCompile Include="AboutForm.cpp">
      <Filter>Header Files</Filter>
    </ClCompile>
    <ClCompile Include="NameForm.cpp">
      <Filter>Source Files</Filter>
    </ClCompile>
    <ClCompile Include="LoadingForm.cpp">
      <Filter>Source Files</Filter>
    </ClCompile>
    <ClCompile Include="IntroForm.cpp">
      <Filter>Source Files</Filter>
    </ClCompile>
    <ClCompile Include="Intro1Form.cpp">
      <Filter>Source Files</Filter>
    </ClCompile>
    <ClCompile Include="LeftForm.cpp">
      <Filter>Source Files</Filter>
    </ClCompile>
    <ClCompile Include="RightForm.cpp">
      <Filter>Source Files</Filter>
    </ClCompile>
    <ClCompile Include="NorthForm.cpp">
      <Filter>Source Files</Filter>
    </ClCompile>
    <ClCompile Include="PoliceStationForm.cpp">
      <Filter>Source Files</Filter>
    </ClCompile>
    <ClCompile Include="PSLeaveForm.cpp">
      <Filter>Source Files</Filter>
    </ClCompile>
    <ClCompile Include="PSPovForm.cpp">
      <Filter>Source Files</Filter>
    </ClCompile>
    <ClCompile Include="PSLookForm.cpp">
      <Filter>Source Files</Filter>
    </ClCompile>
    <ClCompile Include="PSKeyForm.cpp">
      <Filter>Source Files</Filter>
    </ClCompile>
    <ClCompile Include="PSAdminForm.cpp">
      <Filter>Source Files</Filter>
    </ClCompile>
    <ClCompile Include="PSAdmin2Form.cpp">
      <Filter>Source Files</Filter>
    </ClCompile>
    <ClCompile Include="PSCafeteriaForm.cpp">
      <Filter>Source Files</Filter>
    </ClCompile>
    <ClCompile Include="PSEmergencyForm.cpp">
      <Filter>Source Files</Filter>
    </ClCompile>
    <ClCompile Include="PSYesCrowForm.cpp">
      <Filter>Source Files</Filter>
    </ClCompile>
    <ClCompile Include="PSBackOfficeForm.cpp">
      <Filter>Source Files</Filter>
    </ClCompile>
    <ClCompile Include="PSNoEmergencyForm.cpp">
      <Filter>Source Files</Filter>
    </ClCompile>
    <ClCompile Include="PSAdminNLForm.cpp">
      <Filter>Source Files</Filter>
    </ClCompile>
    <ClCompile Include="PSPhoneForm.cpp">
      <Filter>Source Files</Filter>
    </ClCompile>
    <ClCompile Include="PSSafeForm.cpp">
      <Filter>Source Files</Filter>
    </ClCompile>
    <ClCompile Include="figurineForm.cpp">
      <Filter>Header Files</Filter>
    </ClCompile>
  </ItemGroup>
  <ItemGroup>
    <ClInclude Include="HomeForm.h">
      <Filter>Header Files</Filter>
    </ClInclude>
    <ClInclude Include="AgeForm.h">
      <Filter>Header Files</Filter>
    </ClInclude>
    <ClInclude Include="AboutForm.h">
      <Filter>Header Files</Filter>
    </ClInclude>
    <ClInclude Include="NameForm.h">
      <Filter>Header Files</Filter>
    </ClInclude>
    <ClInclude Include="LoadingForm.h">
      <Filter>Header Files</Filter>
    </ClInclude>
    <ClInclude Include="IntroForm.h">
      <Filter>Header Files</Filter>
    </ClInclude>
    <ClInclude Include="Intro1Form.h">
      <Filter>Header Files</Filter>
    </ClInclude>
    <ClInclude Include="LeftForm.h">
      <Filter>Header Files</Filter>
    </ClInclude>
    <ClInclude Include="RightForm.h">
      <Filter>Header Files</Filter>
    </ClInclude>
    <ClInclude Include="NorthForm.h">
      <Filter>Header Files</Filter>
    </ClInclude>
    <ClInclude Include="PoliceStationForm.h">
      <Filter>Header Files</Filter>
    </ClInclude>
    <ClInclude Include="PSLeaveForm.h">
      <Filter>Header Files</Filter>
    </ClInclude>
    <ClInclude Include="PSPovForm.h">
      <Filter>Header Files</Filter>
    </ClInclude>
    <ClInclude Include="PSLookForm.h">
      <Filter>Header Files</Filter>
    </ClInclude>
    <ClInclude Include="PSKeyForm.h">
      <Filter>Header Files</Filter>
    </ClInclude>
    <ClInclude Include="PSAdminForm.h">
      <Filter>Header Files</Filter>
    </ClInclude>
    <ClInclude Include="PSAdmin2Form.h">
      <Filter>Header Files</Filter>
    </ClInclude>
    <ClInclude Include="PSCafeteriaForm.h">
      <Filter>Header Files</Filter>
    </ClInclude>
    <ClInclude Include="PSEmergencyForm.h">
      <Filter>Header Files</Filter>
    </ClInclude>
    <ClInclude Include="PSYesCrowForm.h">
      <Filter>Header Files</Filter>
    </ClInclude>
    <ClInclude Include="PSBackOfficeForm.h">
      <Filter>Header Files</Filter>
    </ClInclude>
    <ClInclude Include="PSNoEmergencyForm.h">
      <Filter>Header Files</Filter>
    </ClInclude>
    <ClInclude Include="PSAdminNLForm.h">
      <Filter>Header Files</Filter>
    </ClInclude>
    <ClInclude Include="PSPhoneForm.h">
      <Filter>Header Files</Filter>
    </ClInclude>
    <ClInclude Include="PSSafeForm.h">
      <Filter>Header Files</Filter>
    </ClInclude>
    <ClInclude Include="figurineForm.h">
      <Filter>Header Files</Filter>
    </ClInclude>
  </ItemGroup>
</Project>